
Microsoft Visual Studio Solution File, Format Version 12.00
# Visual Studio Version 17
VisualStudioVersion = 17.5.002.0
MinimumVisualStudioVersion = 10.0.40219.1
Project("{2150E333-8FDC-42A3-9474-1A3956D46DE8}") = "Labfiles", "Labfiles", "{749A85D4-8AA6-493D-A9E0-3E0D915E0DFF}"
EndProject
Project("{2150E333-8FDC-42A3-9474-1A3956D46DE8}") = "01-analyze-images", "01-analyze-images", "{F9017217-C0C4-4524-BD95-420DD340D489}"
EndProject
Project("{2150E333-8FDC-42A3-9474-1A3956D46DE8}") = "C-Sharp", "C-Sharp", "{E60AA9B7-EA03-4AC3-BB2B-692325383AAE}"
EndProject
Project("{9A19103F-16F7-4668-BE54-9A1E7A4F7556}") = "image-analysis", "Labfiles\01-analyze-images\C-Sharp\image-analysis\image-analysis.csproj", "{754039D6-F731-47E8-AE3E-8F2F4F0060FA}"
EndProject
Project("{2150E333-8FDC-42A3-9474-1A3956D46DE8}") = "03-object-detection", "03-object-detection", "{66C392EB-7830-4271-8393-828E8DF3C402}"
EndProject
Project("{2150E333-8FDC-42A3-9474-1A3956D46DE8}") = "C-Sharp", "C-Sharp", "{6A58376E-C0F5-418B-87DF-61DAB5028195}"
EndProject
Project("{9A19103F-16F7-4668-BE54-9A1E7A4F7556}") = "test-detector", "Labfiles\03-object-detection\C-Sharp\test-detector\test-detector.csproj", "{560E69FE-AC10-45BD-8F9A-4CD32DDE6B7C}"
EndProject
Project("{9A19103F-16F7-4668-BE54-9A1E7A4F7556}") = "train-detector", "Labfiles\03-object-detection\C-Sharp\train-detector\train-detector.csproj", "{E259E22B-7EBD-48E3-AFE3-1A787E604133}"
EndProject
Project("{2150E333-8FDC-42A3-9474-1A3956D46DE8}") = "04-face", "04-face", "{B1189E9B-251A-4491-AD15-FB5D8D59A38C}"
EndProject
Project("{2150E333-8FDC-42A3-9474-1A3956D46DE8}") = "C-Sharp", "C-Sharp", "{BF609F3B-FDD3-4667-B0A9-BE92B2C6BE21}"
EndProject
Project("{9A19103F-16F7-4668-BE54-9A1E7A4F7556}") = "detect-people", "Labfiles\04-face\C-Sharp\computer-vision\detect-people.csproj", "{3A53A773-9CBB-40F8-9156-7C44283DF937}"
EndProject
Project("{9A19103F-16F7-4668-BE54-9A1E7A4F7556}") = "analyze-faces", "Labfiles\04-face\C-Sharp\face-api\analyze-faces.csproj", "{E88C91D9-5CE2-4610-BF51-66A5C948696A}"
EndProject
Project("{2150E333-8FDC-42A3-9474-1A3956D46DE8}") = "05-ocr", "05-ocr", "{93E8B686-AC4B-4859-B354-FEAEE4731F57}"
EndProject
Project("{2150E333-8FDC-42A3-9474-1A3956D46DE8}") = "C-Sharp", "C-Sharp", "{2B5AE476-3E23-4771-8779-AC8FC9C4BEA7}"
EndProject
Project("{9A19103F-16F7-4668-BE54-9A1E7A4F7556}") = "read-text", "Labfiles\05-ocr\C-Sharp\read-text\read-text.csproj", "{70C55198-A1E9-4C3A-B45F-9189B6BD78D2}"
EndProject
Project("{2150E333-8FDC-42A3-9474-1A3956D46DE8}") = "07-custom-vision-image-classification", "07-custom-vision-image-classification", "{8AE48B94-3DF1-46EC-8501-0121B1B76A4F}"
EndProject
Project("{2150E333-8FDC-42A3-9474-1A3956D46DE8}") = "C-Sharp", "C-Sharp", "{D2EB9839-9B55-4D4E-9404-A590A27C654E}"
EndProject
Project("{9A19103F-16F7-4668-BE54-9A1E7A4F7556}") = "test-classifier", "Labfiles\07-custom-vision-image-classification\C-Sharp\test-classifier\test-classifier.csproj", "{31225F3A-0E9A-4DCC-A662-7AD8715ECDEE}"
EndProject
Project("{9A19103F-16F7-4668-BE54-9A1E7A4F7556}") = "train-classifier", "Labfiles\07-custom-vision-image-classification\C-Sharp\train-classifier\train-classifier.csproj", "{D249E218-A7C4-42FE-97D5-8CC610F1E33F}"
EndProject
Global
	GlobalSection(SolutionConfigurationPlatforms) = preSolution
		Debug|Any CPU = Debug|Any CPU
		Release|Any CPU = Release|Any CPU
	EndGlobalSection
	GlobalSection(ProjectConfigurationPlatforms) = postSolution
		{754039D6-F731-47E8-AE3E-8F2F4F0060FA}.Debug|Any CPU.ActiveCfg = Debug|Any CPU
		{754039D6-F731-47E8-AE3E-8F2F4F0060FA}.Debug|Any CPU.Build.0 = Debug|Any CPU
		{754039D6-F731-47E8-AE3E-8F2F4F0060FA}.Release|Any CPU.ActiveCfg = Release|Any CPU
		{754039D6-F731-47E8-AE3E-8F2F4F0060FA}.Release|Any CPU.Build.0 = Release|Any CPU
		{560E69FE-AC10-45BD-8F9A-4CD32DDE6B7C}.Debug|Any CPU.ActiveCfg = Debug|Any CPU
		{560E69FE-AC10-45BD-8F9A-4CD32DDE6B7C}.Debug|Any CPU.Build.0 = Debug|Any CPU
		{560E69FE-AC10-45BD-8F9A-4CD32DDE6B7C}.Release|Any CPU.ActiveCfg = Release|Any CPU
		{560E69FE-AC10-45BD-8F9A-4CD32DDE6B7C}.Release|Any CPU.Build.0 = Release|Any CPU
		{E259E22B-7EBD-48E3-AFE3-1A787E604133}.Debug|Any CPU.ActiveCfg = Debug|Any CPU
		{E259E22B-7EBD-48E3-AFE3-1A787E604133}.Debug|Any CPU.Build.0 = Debug|Any CPU
		{E259E22B-7EBD-48E3-AFE3-1A787E604133}.Release|Any CPU.ActiveCfg = Release|Any CPU
		{E259E22B-7EBD-48E3-AFE3-1A787E604133}.Release|Any CPU.Build.0 = Release|Any CPU
		{3A53A773-9CBB-40F8-9156-7C44283DF937}.Debug|Any CPU.ActiveCfg = Debug|Any CPU
		{3A53A773-9CBB-40F8-9156-7C44283DF937}.Debug|Any CPU.Build.0 = Debug|Any CPU
		{3A53A773-9CBB-40F8-9156-7C44283DF937}.Release|Any CPU.ActiveCfg = Release|Any CPU
		{3A53A773-9CBB-40F8-9156-7C44283DF937}.Release|Any CPU.Build.0 = Release|Any CPU
		{E88C91D9-5CE2-4610-BF51-66A5C948696A}.Debug|Any CPU.ActiveCfg = Debug|Any CPU
		{E88C91D9-5CE2-4610-BF51-66A5C948696A}.Debug|Any CPU.Build.0 = Debug|Any CPU
		{E88C91D9-5CE2-4610-BF51-66A5C948696A}.Release|Any CPU.ActiveCfg = Release|Any CPU
		{E88C91D9-5CE2-4610-BF51-66A5C948696A}.Release|Any CPU.Build.0 = Release|Any CPU
		{70C55198-A1E9-4C3A-B45F-9189B6BD78D2}.Debug|Any CPU.ActiveCfg = Debug|Any CPU
		{70C55198-A1E9-4C3A-B45F-9189B6BD78D2}.Debug|Any CPU.Build.0 = Debug|Any CPU
		{70C55198-A1E9-4C3A-B45F-9189B6BD78D2}.Release|Any CPU.ActiveCfg = Release|Any CPU
		{70C55198-A1E9-4C3A-B45F-9189B6BD78D2}.Release|Any CPU.Build.0 = Release|Any CPU
		{31225F3A-0E9A-4DCC-A662-7AD8715ECDEE}.Debug|Any CPU.ActiveCfg = Debug|Any CPU
		{31225F3A-0E9A-4DCC-A662-7AD8715ECDEE}.Debug|Any CPU.Build.0 = Debug|Any CPU
		{31225F3A-0E9A-4DCC-A662-7AD8715ECDEE}.Release|Any CPU.ActiveCfg = Release|Any CPU
		{31225F3A-0E9A-4DCC-A662-7AD8715ECDEE}.Release|Any CPU.Build.0 = Release|Any CPU
		{D249E218-A7C4-42FE-97D5-8CC610F1E33F}.Debug|Any CPU.ActiveCfg = Debug|Any CPU
		{D249E218-A7C4-42FE-97D5-8CC610F1E33F}.Debug|Any CPU.Build.0 = Debug|Any CPU
		{D249E218-A7C4-42FE-97D5-8CC610F1E33F}.Release|Any CPU.ActiveCfg = Release|Any CPU
		{D249E218-A7C4-42FE-97D5-8CC610F1E33F}.Release|Any CPU.Build.0 = Release|Any CPU
	EndGlobalSection
	GlobalSection(SolutionProperties) = preSolution
		HideSolutionNode = FALSE
	EndGlobalSection
	GlobalSection(NestedProjects) = preSolution
		{F9017217-C0C4-4524-BD95-420DD340D489} = {749A85D4-8AA6-493D-A9E0-3E0D915E0DFF}
		{E60AA9B7-EA03-4AC3-BB2B-692325383AAE} = {F9017217-C0C4-4524-BD95-420DD340D489}
		{754039D6-F731-47E8-AE3E-8F2F4F0060FA} = {E60AA9B7-EA03-4AC3-BB2B-692325383AAE}
		{66C392EB-7830-4271-8393-828E8DF3C402} = {749A85D4-8AA6-493D-A9E0-3E0D915E0DFF}
		{6A58376E-C0F5-418B-87DF-61DAB5028195} = {66C392EB-7830-4271-8393-828E8DF3C402}
		{560E69FE-AC10-45BD-8F9A-4CD32DDE6B7C} = {6A58376E-C0F5-418B-87DF-61DAB5028195}
		{E259E22B-7EBD-48E3-AFE3-1A787E604133} = {6A58376E-C0F5-418B-87DF-61DAB5028195}
		{B1189E9B-251A-4491-AD15-FB5D8D59A38C} = {749A85D4-8AA6-493D-A9E0-3E0D915E0DFF}
		{BF609F3B-FDD3-4667-B0A9-BE92B2C6BE21} = {B1189E9B-251A-4491-AD15-FB5D8D59A38C}
		{3A53A773-9CBB-40F8-9156-7C44283DF937} = {BF609F3B-FDD3-4667-B0A9-BE92B2C6BE21}
		{E88C91D9-5CE2-4610-BF51-66A5C948696A} = {BF609F3B-FDD3-4667-B0A9-BE92B2C6BE21}
		{93E8B686-AC4B-4859-B354-FEAEE4731F57} = {749A85D4-8AA6-493D-A9E0-3E0D915E0DFF}
		{2B5AE476-3E23-4771-8779-AC8FC9C4BEA7} = {93E8B686-AC4B-4859-B354-FEAEE4731F57}
		{70C55198-A1E9-4C3A-B45F-9189B6BD78D2} = {2B5AE476-3E23-4771-8779-AC8FC9C4BEA7}
		{8AE48B94-3DF1-46EC-8501-0121B1B76A4F} = {749A85D4-8AA6-493D-A9E0-3E0D915E0DFF}
		{D2EB9839-9B55-4D4E-9404-A590A27C654E} = {8AE48B94-3DF1-46EC-8501-0121B1B76A4F}
		{31225F3A-0E9A-4DCC-A662-7AD8715ECDEE} = {D2EB9839-9B55-4D4E-9404-A590A27C654E}
		{D249E218-A7C4-42FE-97D5-8CC610F1E33F} = {D2EB9839-9B55-4D4E-9404-A590A27C654E}
	EndGlobalSection
	GlobalSection(ExtensibilityGlobals) = postSolution
		SolutionGuid = {D0689F1A-4D57-4DD6-A547-C74661203223}
	EndGlobalSection
EndGlobal
